
Microsoft Visual Studio Solution File, Format Version 12.00
# Visual Studio 15
VisualStudioVersion = 15.0.26228.9
MinimumVisualStudioVersion = 10.0.40219.1
Project("{FAE04EC0-301F-11D3-BF4B-00C04F79EFBC}") = "Angular2ComponentTemplate", "Angular2ComponentTemplate\Angular2ComponentTemplate.csproj", "{0FFA5262-A7EF-46FB-9F0E-89BC4115E189}"
EndProject
Project("{FAE04EC0-301F-11D3-BF4B-00C04F79EFBC}") = "Angular2ComponentTemplateWizard", "Angular2ComponentTemplateWizard\Angular2ComponentTemplateWizard.csproj", "{B1BD3311-9AEA-48A5-A2A5-303CE47418C9}"
EndProject
Global
	GlobalSection(SolutionConfigurationPlatforms) = preSolution
		Debug|Any CPU = Debug|Any CPU
		Release|Any CPU = Release|Any CPU
	EndGlobalSection
	GlobalSection(ProjectConfigurationPlatforms) = postSolution
		{0FFA5262-A7EF-46FB-9F0E-89BC4115E189}.Debug|Any CPU.ActiveCfg = Debug|Any CPU
		{0FFA5262-A7EF-46FB-9F0E-89BC4115E189}.Debug|Any CPU.Build.0 = Debug|Any CPU
		{0FFA5262-A7EF-46FB-9F0E-89BC4115E189}.Release|Any CPU.ActiveCfg = Release|Any CPU
		{0FFA5262-A7EF-46FB-9F0E-89BC4115E189}.Release|Any CPU.Build.0 = Release|Any CPU
		{B1BD3311-9AEA-48A5-A2A5-303CE47418C9}.Debug|Any CPU.ActiveCfg = Debug|Any CPU
		{B1BD3311-9AEA-48A5-A2A5-303CE47418C9}.Debug|Any CPU.Build.0 = Debug|Any CPU
		{B1BD3311-9AEA-48A5-A2A5-303CE47418C9}.Release|Any CPU.ActiveCfg = Release|Any CPU
		{B1BD3311-9AEA-48A5-A2A5-303CE47418C9}.Release|Any CPU.Build.0 = Release|Any CPU
	EndGlobalSection
	GlobalSection(SolutionProperties) = preSolution
		HideSolutionNode = FALSE
	EndGlobalSection
EndGlobal
